
Microsoft Visual Studio Solution File, Format Version 12.00
# Visual Studio Version 17
VisualStudioVersion = 17.4.33110.190
MinimumVisualStudioVersion = 10.0.40219.1
Project("{FAE04EC0-301F-11D3-BF4B-00C04F79EFBC}") = "GapUp.Api", "GapUp.Api\GapUp.Api.csproj", "{D3B147D6-4521-475A-97BB-0489BF5B720B}"
EndProject
Global
	GlobalSection(SolutionConfigurationPlatforms) = preSolution
		Debug|Any CPU = Debug|Any CPU
		Release|Any CPU = Release|Any CPU
	EndGlobalSection
	GlobalSection(ProjectConfigurationPlatforms) = postSolution
		{D3B147D6-4521-475A-97BB-0489BF5B720B}.Debug|Any CPU.ActiveCfg = Debug|Any CPU
		{D3B147D6-4521-475A-97BB-0489BF5B720B}.Debug|Any CPU.Build.0 = Debug|Any CPU
		{D3B147D6-4521-475A-97BB-0489BF5B720B}.Release|Any CPU.ActiveCfg = Release|Any CPU
		{D3B147D6-4521-475A-97BB-0489BF5B720B}.Release|Any CPU.Build.0 = Release|Any CPU
	EndGlobalSection
	GlobalSection(SolutionProperties) = preSolution
		HideSolutionNode = FALSE
	EndGlobalSection
	GlobalSection(ExtensibilityGlobals) = postSolution
		SolutionGuid = {2F95483E-D864-4B74-B657-C2A826391A03}
	EndGlobalSection
EndGlobal
